
Microsoft Visual Studio Solution File, Format Version 12.00
# Visual Studio Version 17
VisualStudioVersion = 17.4.33110.190
MinimumVisualStudioVersion = 10.0.40219.1
Project("{9A19103F-16F7-4668-BE54-9A1E7A4F7556}") = "GameCollectionLauncher", "Source\GameCollectionLauncher.csproj", "{68B0E5F4-262F-4299-9281-FB6AA91ED323}"
EndProject
Global
	GlobalSection(SolutionConfigurationPlatforms) = preSolution
		Debug|Any CPU = Debug|Any CPU
		Release|Any CPU = Release|Any CPU
	EndGlobalSection
	GlobalSection(ProjectConfigurationPlatforms) = postSolution
		{68B0E5F4-262F-4299-9281-FB6AA91ED323}.Debug|Any CPU.ActiveCfg = Debug|Any CPU
		{68B0E5F4-262F-4299-9281-FB6AA91ED323}.Debug|Any CPU.Build.0 = Debug|Any CPU
		{68B0E5F4-262F-4299-9281-FB6AA91ED323}.Release|Any CPU.ActiveCfg = Release|Any CPU
		{68B0E5F4-262F-4299-9281-FB6AA91ED323}.Release|Any CPU.Build.0 = Release|Any CPU
	EndGlobalSection
	GlobalSection(SolutionProperties) = preSolution
		HideSolutionNode = FALSE
	EndGlobalSection
	GlobalSection(ExtensibilityGlobals) = postSolution
		SolutionGuid = {A0F65E71-F11C-40F9-A709-10E7DA43744E}
	EndGlobalSection
EndGlobal
